{
    "_readme": [
        "This file locks the dependencies of your project to a known state",
        "Read more about it at https://getcomposer.org/doc/01-basic-usage.md#installing-dependencies",
        "This file is @generated automatically"
    ],
    "content-hash": "93a4e2162cdc8369544fe7fdbaeba0f1",
    "packages": [
        {
            "name": "brick/math",
            "version": "0.12.1",
            "source": {
                "type": "git",
                "url": "https://github.com/brick/math.git",
                "reference": "f510c0a40911935b77b86859eb5223d58d660df1"
            },
            "dist": {
                "type": "zip",
                "url": "https://api.github.com/repos/brick/math/zipball/f510c0a40911935b77b86859eb5223d58d660df1",
                "reference": "f510c0a40911935b77b86859eb5223d58d660df1",
                "shasum": ""
            },
            "require": {
                "php": "^8.1"
            },
            "require-dev": {
                "php-coveralls/php-coveralls": "^2.2",
                "phpunit/phpunit": "^10.1",
                "vimeo/psalm": "5.16.0"
            },
            "type": "library",
            "autoload": {
                "psr-4": {
                    "Brick\\Math\\": "src/"
                }
            },
            "notification-url": "https://packagist.org/downloads/",
            "license": [
                "MIT"
            ],
            "description": "Arbitrary-precision arithmetic library",
            "keywords": [
                "Arbitrary-precision",
                "BigInteger",
                "BigRational",
                "arithmetic",
                "bigdecimal",
                "bignum",
                "bignumber",
                "brick",
                "decimal",
                "integer",
                "math",
                "mathematics",
                "rational"
            ],
            "support": {
                "issues": "https://github.com/brick/math/issues",
                "source": "https://github.com/brick/math/tree/0.12.1"
            },
            "funding": [
                {
                    "url": "https://github.com/BenMorel",
                    "type": "github"
                }
            ],
            "time": "2023-11-29T23:19:16+00:00"
        },
        {
            "name": "composer/installers",
            "version": "v2.3.0",
            "source": {
                "type": "git",
                "url": "https://github.com/composer/installers.git",
                "reference": "12fb2dfe5e16183de69e784a7b84046c43d97e8e"
            },
            "dist": {
                "type": "zip",
                "url": "https://api.github.com/repos/composer/installers/zipball/12fb2dfe5e16183de69e784a7b84046c43d97e8e",
                "reference": "12fb2dfe5e16183de69e784a7b84046c43d97e8e",
                "shasum": ""
            },
            "require": {
                "composer-plugin-api": "^1.0 || ^2.0",
                "php": "^7.2 || ^8.0"
            },
            "require-dev": {
                "composer/composer": "^1.10.27 || ^2.7",
                "composer/semver": "^1.7.2 || ^3.4.0",
                "phpstan/phpstan": "^1.11",
                "phpstan/phpstan-phpunit": "^1",
                "symfony/phpunit-bridge": "^7.1.1",
                "symfony/process": "^5 || ^6 || ^7"
            },
            "type": "composer-plugin",
            "extra": {
                "class": "Composer\\Installers\\Plugin",
                "branch-alias": {
                    "dev-main": "2.x-dev"
                },
                "plugin-modifies-install-path": true
            },
            "autoload": {
                "psr-4": {
                    "Composer\\Installers\\": "src/Composer/Installers"
                }
            },
            "notification-url": "https://packagist.org/downloads/",
            "license": [
                "MIT"
            ],
            "authors": [
                {
                    "name": "Kyle Robinson Young",
                    "email": "kyle@dontkry.com",
                    "homepage": "https://github.com/shama"
                }
            ],
            "description": "A multi-framework Composer library installer",
            "homepage": "https://composer.github.io/installers/",
            "keywords": [
                "Dolibarr",
                "Eliasis",
                "Hurad",
                "ImageCMS",
                "Kanboard",
                "Lan Management System",
                "MODX Evo",
                "MantisBT",
                "Mautic",
                "Maya",
                "OXID",
                "Plentymarkets",
                "Porto",
                "RadPHP",
                "SMF",
                "Starbug",
                "Thelia",
                "Whmcs",
                "WolfCMS",
                "agl",
                "annotatecms",
                "attogram",
                "bitrix",
                "cakephp",
                "chef",
                "cockpit",
                "codeigniter",
                "concrete5",
                "concreteCMS",
                "croogo",
                "dokuwiki",
                "drupal",
                "eZ Platform",
                "elgg",
                "expressionengine",
                "fuelphp",
                "grav",
                "installer",
                "itop",
                "known",
                "kohana",
                "laravel",
                "lavalite",
                "lithium",
                "magento",
                "majima",
                "mako",
                "matomo",
                "mediawiki",
                "miaoxing",
                "modulework",
                "modx",
                "moodle",
                "osclass",
                "pantheon",
                "phpbb",
                "piwik",
                "ppi",
                "processwire",
                "puppet",
                "pxcms",
                "reindex",
                "roundcube",
                "shopware",
                "silverstripe",
                "sydes",
                "sylius",
                "tastyigniter",
                "wordpress",
                "yawik",
                "zend",
                "zikula"
            ],
            "support": {
                "issues": "https://github.com/composer/installers/issues",
                "source": "https://github.com/composer/installers/tree/v2.3.0"
            },
            "funding": [
                {
                    "url": "https://packagist.com",
                    "type": "custom"
                },
                {
                    "url": "https://github.com/composer",
                    "type": "github"
                },
                {
                    "url": "https://tidelift.com/funding/github/packagist/composer/composer",
                    "type": "tidelift"
                }
            ],
            "time": "2024-06-24T20:46:46+00:00"
        },
        {
            "name": "lewebsimple/acf-address",
            "version": "v2.0.3",
            "source": {
                "type": "git",
                "url": "https://github.com/lewebsimple/acf-address.git",
                "reference": "12a5836cefcdcc29970ae1aa25bd7e00d601897b"
            },
            "dist": {
                "type": "zip",
                "url": "https://satis.ledevsimple.ca/dist/lewebsimple/acf-address/lewebsimple-acf-address-12a5836cefcdcc29970ae1aa25bd7e00d601897b-zip-11bd57.zip",
                "reference": "12a5836cefcdcc29970ae1aa25bd7e00d601897b",
                "shasum": "2406928c0d2e3681cb094aa4894df3174960ce5b"
            },
            "type": "wordpress-plugin",
            "support": {
                "source": "https://github.com/lewebsimple/acf-address/tree/master",
                "issues": "https://github.com/lewebsimple/acf-address/issues"
            },
            "time": "2024-06-17T15:47:35+00:00"
        },
        {
            "name": "lewebsimple/acf-phone",
            "version": "2.0.4",
            "source": {
                "type": "git",
                "url": "https://github.com/lewebsimple/acf-phone.git",
                "reference": "b5066f7288489868b5c713f61c8617b8f1454829"
            },
            "dist": {
                "type": "zip",
                "url": "https://satis.ledevsimple.ca/dist/lewebsimple/acf-phone/lewebsimple-acf-phone-b5066f7288489868b5c713f61c8617b8f1454829-zip-f72383.zip",
                "reference": "b5066f7288489868b5c713f61c8617b8f1454829",
                "shasum": "81cbc325c0d039198921bf3e74a2ca8563280d41"
            },
            "type": "wordpress-plugin",
            "support": {
                "source": "https://github.com/lewebsimple/acf-phone/tree/2.0.4",
                "issues": "https://github.com/lewebsimple/acf-phone/issues"
            },
            "time": "2024-02-06T16:28:07+00:00"
        },
        {
            "name": "lewebsimple/acf-polylang",
            "version": "v1.2.0",
            "source": {
                "type": "git",
                "url": "ssh://git@gitlab.ledevsimple.ca:222/wp-plugins/acf-polylang.git",
                "reference": "ba5321d5211e11df8aa72b0c35cad7c51f97bae7"
            },
            "dist": {
                "type": "zip",
                "url": "https://satis.ledevsimple.ca/dist/lewebsimple/acf-polylang/lewebsimple-acf-polylang-v1.2.0-e4f990.zip",
                "reference": "ba5321d5211e11df8aa72b0c35cad7c51f97bae7",
                "shasum": "9983240f919a7516e01423bc434817c9a7dfabbd"
            },
            "type": "wordpress-plugin",
            "time": "2024-02-07T19:47:27+00:00"
        },
        {
            "name": "lewebsimple/advanced-custom-fields-pro",
            "version": "v6.3.6",
            "source": {
                "type": "git",
                "url": "ssh://git@gitlab.ledevsimple.ca:222/wp-plugins/advanced-custom-fields-pro.git",
                "reference": "433676c29dadefe5cf511cb334eda55428d5b0b1"
            },
            "dist": {
                "type": "zip",
                "url": "https://satis.ledevsimple.ca/dist/lewebsimple/advanced-custom-fields-pro/lewebsimple-advanced-custom-fields-pro-v6.3.6-248147.zip",
                "reference": "433676c29dadefe5cf511cb334eda55428d5b0b1",
                "shasum": "9d54ece9bc97012bfdd8bd6eefda1e5e83c03d0f"
            },
            "type": "wordpress-plugin",
            "time": "2024-08-29T14:49:32+00:00"
        },
        {
            "name": "lewebsimple/gravity-forms-polylang",
            "version": "v0.4.1",
            "source": {
                "type": "git",
                "url": "https://github.com/lewebsimple/gravity-forms-polylang.git",
                "reference": "e459df2bc5b4f70edd4221dc794e1197451089c4"
            },
            "dist": {
                "type": "zip",
                "url": "https://satis.ledevsimple.ca/dist/lewebsimple/gravity-forms-polylang/lewebsimple-gravity-forms-polylang-e459df2bc5b4f70edd4221dc794e1197451089c4-zip-939a94.zip",
                "reference": "e459df2bc5b4f70edd4221dc794e1197451089c4",
                "shasum": "99058677861b7ea8419aa2937e093f97eb995fd9"
            },
            "type": "wordpress-plugin",
            "support": {
                "source": "https://github.com/lewebsimple/gravity-forms-polylang/tree/v0.4.1"
            },
            "time": "2022-05-10T17:05:59+00:00"
        },
        {
            "name": "lewebsimple/gravityforms",
            "version": "v2.8.17",
            "source": {
                "type": "git",
                "url": "ssh://git@gitlab.ledevsimple.ca:222/wp-plugins/gravityforms.git",
                "reference": "d7481c2f72670a24f529d7b902f323ebc43f5542"
            },
            "dist": {
                "type": "zip",
                "url": "https://satis.ledevsimple.ca/dist/lewebsimple/gravityforms/lewebsimple-gravityforms-v2.8.17-362bae.zip",
                "reference": "d7481c2f72670a24f529d7b902f323ebc43f5542",
                "shasum": "6c6eb90759e454a6730aed247f97c3ea2e815b20"
            },
            "type": "wordpress-plugin",
            "time": "2024-08-27T12:13:52+00:00"
        },
        {
            "name": "lewebsimple/gravityformsturnstile",
            "version": "v1.3.0",
            "source": {
                "type": "git",
                "url": "ssh://git@gitlab.ledevsimple.ca:222/wp-plugins/gravityformsturnstile.git",
                "reference": "e7043eb8b928986848b394433371dc6e99fe07b6"
            },
            "dist": {
                "type": "zip",
                "url": "https://satis.ledevsimple.ca/dist/lewebsimple/gravityformsturnstile/lewebsimple-gravityformsturnstile-v1.3.0-adbfa9.zip",
                "reference": "e7043eb8b928986848b394433371dc6e99fe07b6",
                "shasum": "aaac936b46807079db4cb1a917a216a8ac026063"
            },
            "type": "wordpress-plugin",
            "time": "2024-09-03T15:48:36+00:00"
        },
        {
            "name": "lewebsimple/ithemes-security-pro",
            "version": "v7.3.5",
            "source": {
                "type": "git",
                "url": "ssh://git@gitlab.ledevsimple.ca:222/wp-plugins/ithemes-security-pro.git",
                "reference": "175b2e97cf172d6052b68a1d9af9499ff9aee5a3"
            },
            "dist": {
                "type": "zip",
                "url": "https://satis.ledevsimple.ca/dist/lewebsimple/ithemes-security-pro/lewebsimple-ithemes-security-pro-v7.3.5-6a9a98.zip",
                "reference": "175b2e97cf172d6052b68a1d9af9499ff9aee5a3",
                "shasum": "eb8d6682b8f0d00ee9385733bf1c8eb04b530b7c"
            },
            "type": "wordpress-plugin",
            "time": "2023-09-18T16:12:55+00:00"
        },
        {
            "name": "lewebsimple/kaliroots",
            "version": "v0.9.11",
            "source": {
                "type": "git",
                "url": "ssh://git@gitlab.ledevsimple.ca:222/wp-themes/kaliroots.git",
                "reference": "5c71b5b1c6a0f9b68ef51a6f8fb29767837e983a"
            },
            "dist": {
                "type": "zip",
                "url": "https://satis.ledevsimple.ca/dist/lewebsimple/kaliroots/lewebsimple-kaliroots-v0.9.11-26574c.zip",
                "reference": "5c71b5b1c6a0f9b68ef51a6f8fb29767837e983a",
                "shasum": "f3000490d2b1b50768cb70992ee0f2baf29673c4"
            },
            "type": "wordpress-theme",
            "time": "2024-07-31T18:42:26+00:00"
        },
        {
            "name": "lewebsimple/polylang-pro",
            "version": "v3.6.4",
            "source": {
                "type": "git",
                "url": "ssh://git@gitlab.ledevsimple.ca:222/wp-plugins/polylang-pro.git",
                "reference": "c3a50c159ff83651a0a0042526557f46d5639602"
            },
            "dist": {
                "type": "zip",
                "url": "https://satis.ledevsimple.ca/dist/lewebsimple/polylang-pro/lewebsimple-polylang-pro-v3.6.4-23e743.zip",
                "reference": "c3a50c159ff83651a0a0042526557f46d5639602",
                "shasum": "950b8957e543140c814894b58bf2aa24b62b776c"
            },
            "type": "wordpress-plugin",
            "time": "2024-07-29T15:53:44+00:00"
        },
        {
            "name": "lewebsimple/theia-smart-thumbnails-premium",
            "version": "v2.3.0.1",
            "source": {
                "type": "git",
                "url": "ssh://git@gitlab.ledevsimple.ca:222/wp-plugins/theia-smart-thumbnails-premium.git",
                "reference": "77e2eb966434c1d5bd18dcd2f2948f0efd2aaf36"
            },
            "dist": {
                "type": "zip",
                "url": "https://satis.ledevsimple.ca/dist/lewebsimple/theia-smart-thumbnails-premium/lewebsimple-theia-smart-thumbnails-premium-v2.3.0.1-8e24d0.zip",
                "reference": "77e2eb966434c1d5bd18dcd2f2948f0efd2aaf36",
                "shasum": "e453c7b9d3bffcf1c0bc2104b495aa57425a8b52"
            },
            "type": "wordpress-plugin",
            "time": "2024-02-26T18:35:09+00:00"
        },
        {
            "name": "lewebsimple/wp-offload-ses",
            "version": "v1.6.6",
            "source": {
                "type": "git",
                "url": "ssh://git@gitlab.ledevsimple.ca:222/wp-plugins/wp-offload-ses.git",
                "reference": "fa1b1766d230b8296eae9b758b143c9b7f4e1175"
            },
            "dist": {
                "type": "zip",
                "url": "https://satis.ledevsimple.ca/dist/lewebsimple/wp-offload-ses/lewebsimple-wp-offload-ses-v1.6.6-0443d3.zip",
                "reference": "fa1b1766d230b8296eae9b758b143c9b7f4e1175",
                "shasum": "93be7d201c9b4d2cef9c0a8c4f38ffad916f9d1c"
            },
            "type": "wordpress-plugin",
            "time": "2024-08-29T14:45:23+00:00"
        },
        {
            "name": "ramsey/collection",
            "version": "2.0.0",
            "source": {
                "type": "git",
                "url": "https://github.com/ramsey/collection.git",
                "reference": "a4b48764bfbb8f3a6a4d1aeb1a35bb5e9ecac4a5"
            },
            "dist": {
                "type": "zip",
                "url": "https://api.github.com/repos/ramsey/collection/zipball/a4b48764bfbb8f3a6a4d1aeb1a35bb5e9ecac4a5",
                "reference": "a4b48764bfbb8f3a6a4d1aeb1a35bb5e9ecac4a5",
                "shasum": ""
            },
            "require": {
                "php": "^8.1"
            },
            "require-dev": {
                "captainhook/plugin-composer": "^5.3",
                "ergebnis/composer-normalize": "^2.28.3",
                "fakerphp/faker": "^1.21",
                "hamcrest/hamcrest-php": "^2.0",
                "jangregor/phpstan-prophecy": "^1.0",
                "mockery/mockery": "^1.5",
                "php-parallel-lint/php-console-highlighter": "^1.0",
                "php-parallel-lint/php-parallel-lint": "^1.3",
                "phpcsstandards/phpcsutils": "^1.0.0-rc1",
                "phpspec/prophecy-phpunit": "^2.0",
                "phpstan/extension-installer": "^1.2",
                "phpstan/phpstan": "^1.9",
                "phpstan/phpstan-mockery": "^1.1",
                "phpstan/phpstan-phpunit": "^1.3",
                "phpunit/phpunit": "^9.5",
                "psalm/plugin-mockery": "^1.1",
                "psalm/plugin-phpunit": "^0.18.4",
                "ramsey/coding-standard": "^2.0.3",
                "ramsey/conventional-commits": "^1.3",
                "vimeo/psalm": "^5.4"
            },
            "type": "library",
            "extra": {
                "captainhook": {
                    "force-install": true
                },
                "ramsey/conventional-commits": {
                    "configFile": "conventional-commits.json"
                }
            },
            "autoload": {
                "psr-4": {
                    "Ramsey\\Collection\\": "src/"
                }
            },
            "notification-url": "https://packagist.org/downloads/",
            "license": [
                "MIT"
            ],
            "authors": [
                {
                    "name": "Ben Ramsey",
                    "email": "ben@benramsey.com",
                    "homepage": "https://benramsey.com"
                }
            ],
            "description": "A PHP library for representing and manipulating collections.",
            "keywords": [
                "array",
                "collection",
                "hash",
                "map",
                "queue",
                "set"
            ],
            "support": {
                "issues": "https://github.com/ramsey/collection/issues",
                "source": "https://github.com/ramsey/collection/tree/2.0.0"
            },
            "funding": [
                {
                    "url": "https://github.com/ramsey",
                    "type": "github"
                },
                {
                    "url": "https://tidelift.com/funding/github/packagist/ramsey/collection",
                    "type": "tidelift"
                }
            ],
            "time": "2022-12-31T21:50:55+00:00"
        },
        {
            "name": "ramsey/uuid",
            "version": "4.7.6",
            "source": {
                "type": "git",
                "url": "https://github.com/ramsey/uuid.git",
                "reference": "91039bc1faa45ba123c4328958e620d382ec7088"
            },
            "dist": {
                "type": "zip",
                "url": "https://api.github.com/repos/ramsey/uuid/zipball/91039bc1faa45ba123c4328958e620d382ec7088",
                "reference": "91039bc1faa45ba123c4328958e620d382ec7088",
                "shasum": ""
            },
            "require": {
                "brick/math": "^0.8.8 || ^0.9 || ^0.10 || ^0.11 || ^0.12",
                "ext-json": "*",
                "php": "^8.0",
                "ramsey/collection": "^1.2 || ^2.0"
            },
            "replace": {
                "rhumsaa/uuid": "self.version"
            },
            "require-dev": {
                "captainhook/captainhook": "^5.10",
                "captainhook/plugin-composer": "^5.3",
                "dealerdirect/phpcodesniffer-composer-installer": "^0.7.0",
                "doctrine/annotations": "^1.8",
                "ergebnis/composer-normalize": "^2.15",
                "mockery/mockery": "^1.3",
                "paragonie/random-lib": "^2",
                "php-mock/php-mock": "^2.2",
                "php-mock/php-mock-mockery": "^1.3",
                "php-parallel-lint/php-parallel-lint": "^1.1",
                "phpbench/phpbench": "^1.0",
                "phpstan/extension-installer": "^1.1",
                "phpstan/phpstan": "^1.8",
                "phpstan/phpstan-mockery": "^1.1",
                "phpstan/phpstan-phpunit": "^1.1",
                "phpunit/phpunit": "^8.5 || ^9",
                "ramsey/composer-repl": "^1.4",
                "slevomat/coding-standard": "^8.4",
                "squizlabs/php_codesniffer": "^3.5",
                "vimeo/psalm": "^4.9"
            },
            "suggest": {
                "ext-bcmath": "Enables faster math with arbitrary-precision integers using BCMath.",
                "ext-gmp": "Enables faster math with arbitrary-precision integers using GMP.",
                "ext-uuid": "Enables the use of PeclUuidTimeGenerator and PeclUuidRandomGenerator.",
                "paragonie/random-lib": "Provides RandomLib for use with the RandomLibAdapter",
                "ramsey/uuid-doctrine": "Allows the use of Ramsey\\Uuid\\Uuid as Doctrine field type."
            },
            "type": "library",
            "extra": {
                "captainhook": {
                    "force-install": true
                }
            },
            "autoload": {
                "files": [
                    "src/functions.php"
                ],
                "psr-4": {
                    "Ramsey\\Uuid\\": "src/"
                }
            },
            "notification-url": "https://packagist.org/downloads/",
            "license": [
                "MIT"
            ],
            "description": "A PHP library for generating and working with universally unique identifiers (UUIDs).",
            "keywords": [
                "guid",
                "identifier",
                "uuid"
            ],
            "support": {
                "issues": "https://github.com/ramsey/uuid/issues",
                "source": "https://github.com/ramsey/uuid/tree/4.7.6"
            },
            "funding": [
                {
                    "url": "https://github.com/ramsey",
                    "type": "github"
                },
                {
                    "url": "https://tidelift.com/funding/github/packagist/ramsey/uuid",
                    "type": "tidelift"
                }
            ],
            "time": "2024-04-27T21:32:50+00:00"
        },
        {
            "name": "vinkla/headache",
            "version": "3.3.1",
            "source": {
                "type": "git",
                "url": "https://github.com/vinkla/headache.git",
                "reference": "d10db2cd8d32a9fc3f5a08242927aaaf093661f4"
            },
            "dist": {
                "type": "zip",
                "url": "https://api.github.com/repos/vinkla/headache/zipball/d10db2cd8d32a9fc3f5a08242927aaaf093661f4",
                "reference": "d10db2cd8d32a9fc3f5a08242927aaaf093661f4",
                "shasum": ""
            },
            "require": {
                "php": "^8.1",
                "ramsey/uuid": "^4.7"
            },
            "type": "wordpress-muplugin",
            "notification-url": "https://packagist.org/downloads/",
            "license": [
                "MIT"
            ],
            "authors": [
                {
                    "name": "Vincent Klaiber",
                    "homepage": "https://github.com/vinkla"
                }
            ],
            "description": "An easy-to-swallow painkiller plugin for WordPress",
            "keywords": [
                "head",
                "headache",
                "plugin",
                "wordplate",
                "wordpress"
            ],
            "support": {
                "issues": "https://github.com/vinkla/headache/issues",
                "source": "https://github.com/vinkla/headache/tree/3.3.1"
            },
            "time": "2023-11-27T17:05:20+00:00"
        },
        {
            "name": "wpackagist-plugin/acf-options-for-polylang",
            "version": "1.1.11",
            "source": {
                "type": "svn",
                "url": "https://plugins.svn.wordpress.org/acf-options-for-polylang/",
                "reference": "tags/1.1.11"
            },
            "dist": {
                "type": "zip",
                "url": "https://downloads.wordpress.org/plugin/acf-options-for-polylang.1.1.11.zip"
            },
            "require": {
                "composer/installers": "^1.0 || ^2.0"
            },
            "type": "wordpress-plugin",
            "homepage": "https://wordpress.org/plugins/acf-options-for-polylang/"
        },
        {
            "name": "wpackagist-plugin/clean-image-filenames",
            "version": "1.5",
            "source": {
                "type": "svn",
                "url": "https://plugins.svn.wordpress.org/clean-image-filenames/",
                "reference": "tags/1.5"
            },
            "dist": {
                "type": "zip",
                "url": "https://downloads.wordpress.org/plugin/clean-image-filenames.1.5.zip"
            },
            "require": {
                "composer/installers": "^1.0 || ^2.0"
            },
            "type": "wordpress-plugin",
            "homepage": "https://wordpress.org/plugins/clean-image-filenames/"
        },
        {
            "name": "wpackagist-plugin/disable-comments",
            "version": "2.4.6",
            "source": {
                "type": "svn",
                "url": "https://plugins.svn.wordpress.org/disable-comments/",
                "reference": "tags/2.4.6"
            },
            "dist": {
                "type": "zip",
                "url": "https://downloads.wordpress.org/plugin/disable-comments.2.4.6.zip"
            },
            "require": {
                "composer/installers": "^1.0 || ^2.0"
            },
            "type": "wordpress-plugin",
            "homepage": "https://wordpress.org/plugins/disable-comments/"
        },
        {
            "name": "wpackagist-plugin/disable-emails",
            "version": "1.8.2",
            "source": {
                "type": "svn",
                "url": "https://plugins.svn.wordpress.org/disable-emails/",
                "reference": "tags/1.8.2"
            },
            "dist": {
                "type": "zip",
                "url": "https://downloads.wordpress.org/plugin/disable-emails.1.8.2.zip"
            },
            "require": {
                "composer/installers": "^1.0 || ^2.0"
            },
            "type": "wordpress-plugin",
            "homepage": "https://wordpress.org/plugins/disable-emails/"
        },
        {
            "name": "wpackagist-plugin/enable-media-replace",
            "version": "4.1.5",
            "source": {
                "type": "svn",
                "url": "https://plugins.svn.wordpress.org/enable-media-replace/",
                "reference": "tags/4.1.5"
            },
            "dist": {
                "type": "zip",
                "url": "https://downloads.wordpress.org/plugin/enable-media-replace.4.1.5.zip"
            },
            "require": {
                "composer/installers": "^1.0 || ^2.0"
            },
            "type": "wordpress-plugin",
            "homepage": "https://wordpress.org/plugins/enable-media-replace/"
        },
        {
            "name": "wpackagist-plugin/ewww-image-optimizer",
            "version": "7.9.0",
            "source": {
                "type": "svn",
                "url": "https://plugins.svn.wordpress.org/ewww-image-optimizer/",
                "reference": "tags/7.9.0"
            },
            "dist": {
                "type": "zip",
                "url": "https://downloads.wordpress.org/plugin/ewww-image-optimizer.7.9.0.zip"
            },
            "require": {
                "composer/installers": "^1.0 || ^2.0"
            },
            "type": "wordpress-plugin",
            "homepage": "https://wordpress.org/plugins/ewww-image-optimizer/"
        },
        {
            "name": "wpackagist-plugin/hide-updates",
            "version": "1.1.5",
            "source": {
                "type": "svn",
                "url": "https://plugins.svn.wordpress.org/hide-updates/",
                "reference": "tags/1.1.5"
            },
            "dist": {
                "type": "zip",
                "url": "https://downloads.wordpress.org/plugin/hide-updates.1.1.5.zip"
            },
            "require": {
                "composer/installers": "^1.0 || ^2.0"
            },
            "type": "wordpress-plugin",
            "homepage": "https://wordpress.org/plugins/hide-updates/"
        },
        {
            "name": "wpackagist-plugin/loco-translate",
            "version": "2.6.11",
            "source": {
                "type": "svn",
                "url": "https://plugins.svn.wordpress.org/loco-translate/",
                "reference": "tags/2.6.11"
            },
            "dist": {
                "type": "zip",
                "url": "https://downloads.wordpress.org/plugin/loco-translate.2.6.11.zip"
            },
            "require": {
                "composer/installers": "^1.0 || ^2.0"
            },
            "type": "wordpress-plugin",
            "homepage": "https://wordpress.org/plugins/loco-translate/"
        },
        {
            "name": "wpackagist-plugin/query-monitor",
            "version": "3.16.4",
            "source": {
                "type": "svn",
                "url": "https://plugins.svn.wordpress.org/query-monitor/",
                "reference": "tags/3.16.4"
            },
            "dist": {
                "type": "zip",
                "url": "https://downloads.wordpress.org/plugin/query-monitor.3.16.4.zip"
            },
            "require": {
                "composer/installers": "^1.0 || ^2.0"
            },
            "type": "wordpress-plugin",
            "homepage": "https://wordpress.org/plugins/query-monitor/"
        },
        {
            "name": "wpackagist-plugin/redirection",
            "version": "5.5.0",
            "source": {
                "type": "svn",
                "url": "https://plugins.svn.wordpress.org/redirection/",
                "reference": "tags/5.5.0"
            },
            "dist": {
                "type": "zip",
                "url": "https://downloads.wordpress.org/plugin/redirection.5.5.0.zip"
            },
            "require": {
                "composer/installers": "^1.0 || ^2.0"
            },
            "type": "wordpress-plugin",
            "homepage": "https://wordpress.org/plugins/redirection/"
        },
        {
            "name": "wpackagist-plugin/safe-svg",
            "version": "2.2.6",
            "source": {
                "type": "svn",
                "url": "https://plugins.svn.wordpress.org/safe-svg/",
                "reference": "tags/2.2.6"
            },
            "dist": {
                "type": "zip",
                "url": "https://downloads.wordpress.org/plugin/safe-svg.2.2.6.zip"
            },
            "require": {
                "composer/installers": "^1.0 || ^2.0"
            },
            "type": "wordpress-plugin",
            "homepage": "https://wordpress.org/plugins/safe-svg/"
        },
        {
            "name": "wpackagist-plugin/simple-custom-post-order",
            "version": "2.5.7",
            "source": {
                "type": "svn",
                "url": "https://plugins.svn.wordpress.org/simple-custom-post-order/",
                "reference": "tags/2.5.7"
            },
            "dist": {
                "type": "zip",
                "url": "https://downloads.wordpress.org/plugin/simple-custom-post-order.2.5.7.zip"
            },
            "require": {
                "composer/installers": "^1.0 || ^2.0"
            },
            "type": "wordpress-plugin",
            "homepage": "https://wordpress.org/plugins/simple-custom-post-order/"
        },
        {
            "name": "wpackagist-plugin/so-clean-up-wp-seo",
            "version": "4.0.2",
            "source": {
                "type": "svn",
                "url": "https://plugins.svn.wordpress.org/so-clean-up-wp-seo/",
                "reference": "tags/4.0.2"
            },
            "dist": {
                "type": "zip",
                "url": "https://downloads.wordpress.org/plugin/so-clean-up-wp-seo.4.0.2.zip"
            },
            "require": {
                "composer/installers": "^1.0 || ^2.0"
            },
            "type": "wordpress-plugin",
            "homepage": "https://wordpress.org/plugins/so-clean-up-wp-seo/"
        },
        {
            "name": "wpackagist-plugin/user-switching",
            "version": "1.8.0",
            "source": {
                "type": "svn",
                "url": "https://plugins.svn.wordpress.org/user-switching/",
                "reference": "tags/1.8.0"
            },
            "dist": {
                "type": "zip",
                "url": "https://downloads.wordpress.org/plugin/user-switching.1.8.0.zip"
            },
            "require": {
                "composer/installers": "^1.0 || ^2.0"
            },
            "type": "wordpress-plugin",
            "homepage": "https://wordpress.org/plugins/user-switching/"
        },
        {
            "name": "wpackagist-plugin/wordpress-seo",
            "version": "23.4",
            "source": {
                "type": "svn",
                "url": "https://plugins.svn.wordpress.org/wordpress-seo/",
                "reference": "tags/23.4"
            },
            "dist": {
                "type": "zip",
                "url": "https://downloads.wordpress.org/plugin/wordpress-seo.23.4.zip"
            },
            "require": {
                "composer/installers": "^1.0 || ^2.0"
            },
            "type": "wordpress-plugin",
            "homepage": "https://wordpress.org/plugins/wordpress-seo/"
        },
        {
            "name": "wpackagist-plugin/wp-duplicate-page",
            "version": "1.4.1",
            "source": {
                "type": "svn",
                "url": "https://plugins.svn.wordpress.org/wp-duplicate-page/",
                "reference": "trunk"
            },
            "dist": {
                "type": "zip",
                "url": "https://downloads.wordpress.org/plugin/wp-duplicate-page.zip?timestamp=1711090499"
            },
            "require": {
                "composer/installers": "^1.0 || ^2.0"
            },
            "type": "wordpress-plugin",
            "homepage": "https://wordpress.org/plugins/wp-duplicate-page/"
        },
        {
            "name": "wpackagist-plugin/wp-mail-logging",
            "version": "1.12.0",
            "source": {
                "type": "svn",
                "url": "https://plugins.svn.wordpress.org/wp-mail-logging/",
                "reference": "tags/1.12.0"
            },
            "dist": {
                "type": "zip",
                "url": "https://downloads.wordpress.org/plugin/wp-mail-logging.1.12.0.zip"
            },
            "require": {
                "composer/installers": "^1.0 || ^2.0"
            },
            "type": "wordpress-plugin",
            "homepage": "https://wordpress.org/plugins/wp-mail-logging/"
        }
    ],
    "packages-dev": [],
    "aliases": [],
    "minimum-stability": "stable",
    "stability-flags": [],
    "prefer-stable": true,
    "prefer-lowest": false,
    "platform": [],
    "platform-dev": [],
    "platform-overrides": {
        "php": "8.2"
    },
    "plugin-api-version": "2.6.0"
}
